// !$*UTF8*$!
{
	archiveVersion = 1;
	classes = {
	};
	objectVersion = 51;
	objects = {

/* Begin PBXBuildFile section */
		8C23CF12271C7233007D26A4 /* IoTVodafoneTaskTests.swift in Sources */ = {isa = PBXBuildFile; fileRef = 8C23CF11271C7233007D26A4 /* IoTVodafoneTaskTests.swift */; };
		8C5512FF271A1C3A00F0D27D /* AppDelegate.m in Sources */ = {isa = PBXBuildFile; fileRef = 8C5512FE271A1C3A00F0D27D /* AppDelegate.m */; };
		8C551302271A1C3A00F0D27D /* SceneDelegate.m in Sources */ = {isa = PBXBuildFile; fileRef = 8C551301271A1C3A00F0D27D /* SceneDelegate.m */; };
		8C551305271A1C3A00F0D27D /* ViewController.m in Sources */ = {isa = PBXBuildFile; fileRef = 8C551304271A1C3A00F0D27D /* ViewController.m */; };
		8C551308271A1C3A00F0D27D /* Main.storyboard in Resources */ = {isa = PBXBuildFile; fileRef = 8C551306271A1C3A00F0D27D /* Main.storyboard */; };
		8C55130A271A1C3E00F0D27D /* Assets.xcassets in Resources */ = {isa = PBXBuildFile; fileRef = 8C551309271A1C3E00F0D27D /* Assets.xcassets */; };
		8C55130D271A1C3E00F0D27D /* LaunchScreen.storyboard in Resources */ = {isa = PBXBuildFile; fileRef = 8C55130B271A1C3E00F0D27D /* LaunchScreen.storyboard */; };
		8C551310271A1C3E00F0D27D /* main.m in Sources */ = {isa = PBXBuildFile; fileRef = 8C55130F271A1C3E00F0D27D /* main.m */; };
		8C551349271A1F0400F0D27D /* Extensions.swift in Sources */ = {isa = PBXBuildFile; fileRef = 8C55133B271A1F0400F0D27D /* Extensions.swift */; };
		8C55134A271A1F0400F0D27D /* LoadingIndicator.swift in Sources */ = {isa = PBXBuildFile; fileRef = 8C55133C271A1F0400F0D27D /* LoadingIndicator.swift */; };
		8C55134B271A1F0400F0D27D /* SectionModel.swift in Sources */ = {isa = PBXBuildFile; fileRef = 8C55133E271A1F0400F0D27D /* SectionModel.swift */; };
		8C55134C271A1F0400F0D27D /* CellConfigurable.swift in Sources */ = {isa = PBXBuildFile; fileRef = 8C55133F271A1F0400F0D27D /* CellConfigurable.swift */; };
		8C55134D271A1F0400F0D27D /* SectionConfigurable.swift in Sources */ = {isa = PBXBuildFile; fileRef = 8C551340271A1F0400F0D27D /* SectionConfigurable.swift */; };
		8C55134E271A1F0400F0D27D /* RowViewModel.swift in Sources */ = {isa = PBXBuildFile; fileRef = 8C551341271A1F0400F0D27D /* RowViewModel.swift */; };
		8C55134F271A1F0400F0D27D /* Observable.swift in Sources */ = {isa = PBXBuildFile; fileRef = 8C551342271A1F0400F0D27D /* Observable.swift */; };
		8C551350271A1F0400F0D27D /* SectionViewModel.swift in Sources */ = {isa = PBXBuildFile; fileRef = 8C551343271A1F0400F0D27D /* SectionViewModel.swift */; };
		8C551351271A1F0400F0D27D /* BaseViewController.swift in Sources */ = {isa = PBXBuildFile; fileRef = 8C551345271A1F0400F0D27D /* BaseViewController.swift */; };
		8C551352271A1F0400F0D27D /* APIManager.swift in Sources */ = {isa = PBXBuildFile; fileRef = 8C551348271A1F0400F0D27D /* APIManager.swift */; };
		8C551361271A564A00F0D27D /* HomeViewController.swift in Sources */ = {isa = PBXBuildFile; fileRef = 8C551360271A564A00F0D27D /* HomeViewController.swift */; };
		8C551365271A565D00F0D27D /* HomeViewModel.swift in Sources */ = {isa = PBXBuildFile; fileRef = 8C551364271A565D00F0D27D /* HomeViewModel.swift */; };
		8C551369271A58B300F0D27D /* PhotoElement.swift in Sources */ = {isa = PBXBuildFile; fileRef = 8C551368271A58B300F0D27D /* PhotoElement.swift */; };
		8C55136E271A5ADA00F0D27D /* Constants.swift in Sources */ = {isa = PBXBuildFile; fileRef = 8C55136D271A5ADA00F0D27D /* Constants.swift */; };
		8C55137E271B247400F0D27D /* PhotoItemViewCell.xib in Resources */ = {isa = PBXBuildFile; fileRef = 8C551375271B247400F0D27D /* PhotoItemViewCell.xib */; };
		8C55137F271B247400F0D27D /* PhotoItemViewCell.swift in Sources */ = {isa = PBXBuildFile; fileRef = 8C551376271B247400F0D27D /* PhotoItemViewCell.swift */; };
		8C551380271B247400F0D27D /* PhotoItemViewModel.swift in Sources */ = {isa = PBXBuildFile; fileRef = 8C551377271B247400F0D27D /* PhotoItemViewModel.swift */; };
		8C73281E271B7D1600D3EA65 /* PhotoDetailsViewController.m in Sources */ = {isa = PBXBuildFile; fileRef = 8C73281D271B7D1600D3EA65 /* PhotoDetailsViewController.m */; };
		8C732827271B99A300D3EA65 /* ImageHelper.swift in Sources */ = {isa = PBXBuildFile; fileRef = 8C732826271B99A300D3EA65 /* ImageHelper.swift */; };
		C600D2DD4DA92D68CC2B36D9 /* Pods_IoTVodafoneTask.framework in Frameworks */ = {isa = PBXBuildFile; fileRef = A6C292D9B3F7F75FAF380591 /* Pods_IoTVodafoneTask.framework */; };
		F30CF2C9AF099468E3B58991 /* Pods_IoTVodafoneTaskTests.framework in Frameworks */ = {isa = PBXBuildFile; fileRef = CF77EA5E72EF8956B0EF6156 /* Pods_IoTVodafoneTaskTests.framework */; };
/* End PBXBuildFile section */

/* Begin PBXContainerItemProxy section */
		8C23CF14271C7233007D26A4 /* PBXContainerItemProxy */ = {
			isa = PBXContainerItemProxy;
			containerPortal = 8C5512F2271A1C3A00F0D27D /* Project object */;
			proxyType = 1;
			remoteGlobalIDString = 8C5512F9271A1C3A00F0D27D;
			remoteInfo = IoTVodafoneTask;
		};
/* End PBXContainerItemProxy section */

/* Begin PBXFileReference section */
		4C0630228CD6EBECAA01C80C /* Pods-IoTVodafoneTask.release.xcconfig */ = {isa = PBXFileReference; includeInIndex = 1; lastKnownFileType = text.xcconfig; name = "Pods-IoTVodafoneTask.release.xcconfig"; path = "Target Support Files/Pods-IoTVodafoneTask/Pods-IoTVodafoneTask.release.xcconfig"; sourceTree = "<group>"; };
		7A9AB2801EA65C86EEFCED22 /* Pods-IoTVodafoneTaskTests.release.xcconfig */ = {isa = PBXFileReference; includeInIndex = 1; lastKnownFileType = text.xcconfig; name = "Pods-IoTVodafoneTaskTests.release.xcconfig"; path = "Target Support Files/Pods-IoTVodafoneTaskTests/Pods-IoTVodafoneTaskTests.release.xcconfig"; sourceTree = "<group>"; };
		8C23CF0F271C7233007D26A4 /* IoTVodafoneTaskTests.xctest */ = {isa = PBXFileReference; explicitFileType = wrapper.cfbundle; includeInIndex = 0; path = IoTVodafoneTaskTests.xctest; sourceTree = BUILT_PRODUCTS_DIR; };
		8C23CF11271C7233007D26A4 /* IoTVodafoneTaskTests.swift */ = {isa = PBXFileReference; lastKnownFileType = sourcecode.swift; path = IoTVodafoneTaskTests.swift; sourceTree = "<group>"; };
		8C23CF13271C7233007D26A4 /* Info.plist */ = {isa = PBXFileReference; lastKnownFileType = text.plist.xml; path = Info.plist; sourceTree = "<group>"; };
		8C5512FA271A1C3A00F0D27D /* IoTVodafoneTask.app */ = {isa = PBXFileReference; explicitFileType = wrapper.application; includeInIndex = 0; path = IoTVodafoneTask.app; sourceTree = BUILT_PRODUCTS_DIR; };
		8C5512FD271A1C3A00F0D27D /* AppDelegate.h */ = {isa = PBXFileReference; lastKnownFileType = sourcecode.c.h; path = AppDelegate.h; sourceTree = "<group>"; };
		8C5512FE271A1C3A00F0D27D /* AppDelegate.m */ = {isa = PBXFileReference; lastKnownFileType = sourcecode.c.objc; path = AppDelegate.m; sourceTree = "<group>"; };
		8C551300271A1C3A00F0D27D /* SceneDelegate.h */ = {isa = PBXFileReference; lastKnownFileType = sourcecode.c.h; path = SceneDelegate.h; sourceTree = "<group>"; };
		8C551301271A1C3A00F0D27D /* SceneDelegate.m */ = {isa = PBXFileReference; lastKnownFileType = sourcecode.c.objc; path = SceneDelegate.m; sourceTree = "<group>"; };
		8C551303271A1C3A00F0D27D /* ViewController.h */ = {isa = PBXFileReference; lastKnownFileType = sourcecode.c.h; path = ViewController.h; sourceTree = "<group>"; };
		8C551304271A1C3A00F0D27D /* ViewController.m */ = {isa = PBXFileReference; lastKnownFileType = sourcecode.c.objc; path = ViewController.m; sourceTree = "<group>"; };
		8C551307271A1C3A00F0D27D /* Base */ = {isa = PBXFileReference; lastKnownFileType = file.storyboard; name = Base; path = Base.lproj/Main.storyboard; sourceTree = "<group>"; };
		8C551309271A1C3E00F0D27D /* Assets.xcassets */ = {isa = PBXFileReference; lastKnownFileType = folder.assetcatalog; path = Assets.xcassets; sourceTree = "<group>"; };
		8C55130C271A1C3E00F0D27D /* Base */ = {isa = PBXFileReference; lastKnownFileType = file.storyboard; name = Base; path = Base.lproj/LaunchScreen.storyboard; sourceTree = "<group>"; };
		8C55130E271A1C3E00F0D27D /* Info.plist */ = {isa = PBXFileReference; lastKnownFileType = text.plist.xml; path = Info.plist; sourceTree = "<group>"; };
		8C55130F271A1C3E00F0D27D /* main.m */ = {isa = PBXFileReference; lastKnownFileType = sourcecode.c.objc; path = main.m; sourceTree = "<group>"; };
		8C551336271A1EEC00F0D27D /* IoTVodafoneTask-Bridging-Header.h */ = {isa = PBXFileReference; lastKnownFileType = sourcecode.c.h; path = "IoTVodafoneTask-Bridging-Header.h"; sourceTree = "<group>"; };
		8C55133B271A1F0400F0D27D /* Extensions.swift */ = {isa = PBXFileReference; fileEncoding = 4; lastKnownFileType = sourcecode.swift; path = Extensions.swift; sourceTree = "<group>"; };
		8C55133C271A1F0400F0D27D /* LoadingIndicator.swift */ = {isa = PBXFileReference; fileEncoding = 4; lastKnownFileType = sourcecode.swift; path = LoadingIndicator.swift; sourceTree = "<group>"; };
		8C55133E271A1F0400F0D27D /* SectionModel.swift */ = {isa = PBXFileReference; fileEncoding = 4; lastKnownFileType = sourcecode.swift; path = SectionModel.swift; sourceTree = "<group>"; };
		8C55133F271A1F0400F0D27D /* CellConfigurable.swift */ = {isa = PBXFileReference; fileEncoding = 4; lastKnownFileType = sourcecode.swift; path = CellConfigurable.swift; sourceTree = "<group>"; };
		8C551340271A1F0400F0D27D /* SectionConfigurable.swift */ = {isa = PBXFileReference; fileEncoding = 4; lastKnownFileType = sourcecode.swift; path = SectionConfigurable.swift; sourceTree = "<group>"; };
		8C551341271A1F0400F0D27D /* RowViewModel.swift */ = {isa = PBXFileReference; fileEncoding = 4; lastKnownFileType = sourcecode.swift; path = RowViewModel.swift; sourceTree = "<group>"; };
		8C551342271A1F0400F0D27D /* Observable.swift */ = {isa = PBXFileReference; fileEncoding = 4; lastKnownFileType = sourcecode.swift; path = Observable.swift; sourceTree = "<group>"; };
		8C551343271A1F0400F0D27D /* SectionViewModel.swift */ = {isa = PBXFileReference; fileEncoding = 4; lastKnownFileType = sourcecode.swift; path = SectionViewModel.swift; sourceTree = "<group>"; };
		8C551345271A1F0400F0D27D /* BaseViewController.swift */ = {isa = PBXFileReference; fileEncoding = 4; lastKnownFileType = sourcecode.swift; path = BaseViewController.swift; sourceTree = "<group>"; };
		8C551348271A1F0400F0D27D /* APIManager.swift */ = {isa = PBXFileReference; fileEncoding = 4; lastKnownFileType = sourcecode.swift; path = APIManager.swift; sourceTree = "<group>"; };
		8C551360271A564A00F0D27D /* HomeViewController.swift */ = {isa = PBXFileReference; lastKnownFileType = sourcecode.swift; path = HomeViewController.swift; sourceTree = "<group>"; };
		8C551364271A565D00F0D27D /* HomeViewModel.swift */ = {isa = PBXFileReference; lastKnownFileType = sourcecode.swift; path = HomeViewModel.swift; sourceTree = "<group>"; };
		8C551368271A58B300F0D27D /* PhotoElement.swift */ = {isa = PBXFileReference; lastKnownFileType = sourcecode.swift; path = PhotoElement.swift; sourceTree = "<group>"; };
		8C55136D271A5ADA00F0D27D /* Constants.swift */ = {isa = PBXFileReference; lastKnownFileType = sourcecode.swift; path = Constants.swift; sourceTree = "<group>"; };
		8C551375271B247400F0D27D /* PhotoItemViewCell.xib */ = {isa = PBXFileReference; fileEncoding = 4; lastKnownFileType = file.xib; path = PhotoItemViewCell.xib; sourceTree = "<group>"; };
		8C551376271B247400F0D27D /* PhotoItemViewCell.swift */ = {isa = PBXFileReference; fileEncoding = 4; lastKnownFileType = sourcecode.swift; path = PhotoItemViewCell.swift; sourceTree = "<group>"; };
		8C551377271B247400F0D27D /* PhotoItemViewModel.swift */ = {isa = PBXFileReference; fileEncoding = 4; lastKnownFileType = sourcecode.swift; path = PhotoItemViewModel.swift; sourceTree = "<group>"; };
		8C73281C271B7D1600D3EA65 /* PhotoDetailsViewController.h */ = {isa = PBXFileReference; lastKnownFileType = sourcecode.c.h; path = PhotoDetailsViewController.h; sourceTree = "<group>"; };
		8C73281D271B7D1600D3EA65 /* PhotoDetailsViewController.m */ = {isa = PBXFileReference; lastKnownFileType = sourcecode.c.objc; path = PhotoDetailsViewController.m; sourceTree = "<group>"; };
		8C732826271B99A300D3EA65 /* ImageHelper.swift */ = {isa = PBXFileReference; lastKnownFileType = sourcecode.swift; path = ImageHelper.swift; sourceTree = "<group>"; };
		A6C292D9B3F7F75FAF380591 /* Pods_IoTVodafoneTask.framework */ = {isa = PBXFileReference; explicitFileType = wrapper.framework; includeInIndex = 0; path = Pods_IoTVodafoneTask.framework; sourceTree = BUILT_PRODUCTS_DIR; };
		C0F0CEEA7E147AFF0B1E20EE /* Pods-IoTVodafoneTask.debug.xcconfig */ = {isa = PBXFileReference; includeInIndex = 1; lastKnownFileType = text.xcconfig; name = "Pods-IoTVodafoneTask.debug.xcconfig"; path = "Target Support Files/Pods-IoTVodafoneTask/Pods-IoTVodafoneTask.debug.xcconfig"; sourceTree = "<group>"; };
		CF77EA5E72EF8956B0EF6156 /* Pods_IoTVodafoneTaskTests.framework */ = {isa = PBXFileReference; explicitFileType = wrapper.framework; includeInIndex = 0; path = Pods_IoTVodafoneTaskTests.framework; sourceTree = BUILT_PRODUCTS_DIR; };
		E7F9F2016DACC86FF4163F4E /* Pods-IoTVodafoneTaskTests.debug.xcconfig */ = {isa = PBXFileReference; includeInIndex = 1; lastKnownFileType = text.xcconfig; name = "Pods-IoTVodafoneTaskTests.debug.xcconfig"; path = "Target Support Files/Pods-IoTVodafoneTaskTests/Pods-IoTVodafoneTaskTests.debug.xcconfig"; sourceTree = "<group>"; };
/* End PBXFileReference section */

/* Begin PBXFrameworksBuildPhase section */
		8C23CF0C271C7233007D26A4 /* Frameworks */ = {
			isa = PBXFrameworksBuildPhase;
			buildActionMask = 2147483647;
			files = (
				F30CF2C9AF099468E3B58991 /* Pods_IoTVodafoneTaskTests.framework in Frameworks */,
			);
			runOnlyForDeploymentPostprocessing = 0;
		};
		8C5512F7271A1C3A00F0D27D /* Frameworks */ = {
			isa = PBXFrameworksBuildPhase;
			buildActionMask = 2147483647;
			files = (
				C600D2DD4DA92D68CC2B36D9 /* Pods_IoTVodafoneTask.framework in Frameworks */,
			);
			runOnlyForDeploymentPostprocessing = 0;
		};
/* End PBXFrameworksBuildPhase section */

/* Begin PBXGroup section */
		02115C561727C7315ECF186B /* Frameworks */ = {
			isa = PBXGroup;
			children = (
				A6C292D9B3F7F75FAF380591 /* Pods_IoTVodafoneTask.framework */,
				CF77EA5E72EF8956B0EF6156 /* Pods_IoTVodafoneTaskTests.framework */,
			);
			name = Frameworks;
			sourceTree = "<group>";
		};
		8C23CF10271C7233007D26A4 /* IoTVodafoneTaskTests */ = {
			isa = PBXGroup;
			children = (
				8C23CF11271C7233007D26A4 /* IoTVodafoneTaskTests.swift */,
				8C23CF13271C7233007D26A4 /* Info.plist */,
			);
			path = IoTVodafoneTaskTests;
			sourceTree = "<group>";
		};
		8C5512F1271A1C3A00F0D27D = {
			isa = PBXGroup;
			children = (
				8C5512FC271A1C3A00F0D27D /* IoTVodafoneTask */,
				8C23CF10271C7233007D26A4 /* IoTVodafoneTaskTests */,
				8C5512FB271A1C3A00F0D27D /* Products */,
				E4B94A4E1C19B07C1EF4EE46 /* Pods */,
				02115C561727C7315ECF186B /* Frameworks */,
			);
			sourceTree = "<group>";
		};
		8C5512FB271A1C3A00F0D27D /* Products */ = {
			isa = PBXGroup;
			children = (
				8C5512FA271A1C3A00F0D27D /* IoTVodafoneTask.app */,
				8C23CF0F271C7233007D26A4 /* IoTVodafoneTaskTests.xctest */,
			);
			name = Products;
			sourceTree = "<group>";
		};
		8C5512FC271A1C3A00F0D27D /* IoTVodafoneTask */ = {
			isa = PBXGroup;
			children = (
				8C55135C271A4F3A00F0D27D /* Modules */,
				8C551354271A1F0A00F0D27D /* HelperClasses */,
				8C5512FD271A1C3A00F0D27D /* AppDelegate.h */,
				8C5512FE271A1C3A00F0D27D /* AppDelegate.m */,
				8C551300271A1C3A00F0D27D /* SceneDelegate.h */,
				8C551301271A1C3A00F0D27D /* SceneDelegate.m */,
				8C551303271A1C3A00F0D27D /* ViewController.h */,
				8C551304271A1C3A00F0D27D /* ViewController.m */,
				8C551306271A1C3A00F0D27D /* Main.storyboard */,
				8C551309271A1C3E00F0D27D /* Assets.xcassets */,
				8C55130B271A1C3E00F0D27D /* LaunchScreen.storyboard */,
				8C55130E271A1C3E00F0D27D /* Info.plist */,
				8C55130F271A1C3E00F0D27D /* main.m */,
				8C551336271A1EEC00F0D27D /* IoTVodafoneTask-Bridging-Header.h */,
			);
			path = IoTVodafoneTask;
			sourceTree = "<group>";
		};
		8C55133A271A1F0400F0D27D /* Helpers */ = {
			isa = PBXGroup;
			children = (
				8C55133B271A1F0400F0D27D /* Extensions.swift */,
				8C55133C271A1F0400F0D27D /* LoadingIndicator.swift */,
				8C732826271B99A300D3EA65 /* ImageHelper.swift */,
			);
			path = Helpers;
			sourceTree = "<group>";
		};
		8C55133D271A1F0400F0D27D /* Structure */ = {
			isa = PBXGroup;
			children = (
				8C55133E271A1F0400F0D27D /* SectionModel.swift */,
				8C55133F271A1F0400F0D27D /* CellConfigurable.swift */,
				8C551340271A1F0400F0D27D /* SectionConfigurable.swift */,
				8C551341271A1F0400F0D27D /* RowViewModel.swift */,
				8C551342271A1F0400F0D27D /* Observable.swift */,
				8C551343271A1F0400F0D27D /* SectionViewModel.swift */,
			);
			path = Structure;
			sourceTree = "<group>";
		};
		8C551344271A1F0400F0D27D /* Views */ = {
			isa = PBXGroup;
			children = (
				8C551345271A1F0400F0D27D /* BaseViewController.swift */,
			);
			path = Views;
			sourceTree = "<group>";
		};
		8C551346271A1F0400F0D27D /* Network */ = {
			isa = PBXGroup;
			children = (
				8C551347271A1F0400F0D27D /* APIServices */,
			);
			path = Network;
			sourceTree = "<group>";
		};
		8C551347271A1F0400F0D27D /* APIServices */ = {
			isa = PBXGroup;
			children = (
				8C551348271A1F0400F0D27D /* APIManager.swift */,
			);
			path = APIServices;
			sourceTree = "<group>";
		};
		8C551354271A1F0A00F0D27D /* HelperClasses */ = {
			isa = PBXGroup;
			children = (
				8C55133A271A1F0400F0D27D /* Helpers */,
				8C551346271A1F0400F0D27D /* Network */,
				8C55133D271A1F0400F0D27D /* Structure */,
				8C551344271A1F0400F0D27D /* Views */,
			);
			path = HelperClasses;
			sourceTree = "<group>";
		};
		8C55135C271A4F3A00F0D27D /* Modules */ = {
			isa = PBXGroup;
			children = (
				8C55136C271A5AC900F0D27D /* Constants */,
				8C55135D271A4F7A00F0D27D /* HomeScreen */,
				8C551399271B709600F0D27D /* DetailsScreen */,
			);
			path = Modules;
			sourceTree = "<group>";
		};
		8C55135D271A4F7A00F0D27D /* HomeScreen */ = {
			isa = PBXGroup;
			children = (
				8C551370271B1A5600F0D27D /* Cells */,
				8C551367271A583200F0D27D /* Models */,
				8C551360271A564A00F0D27D /* HomeViewController.swift */,
				8C551364271A565D00F0D27D /* HomeViewModel.swift */,
			);
			path = HomeScreen;
			sourceTree = "<group>";
		};
		8C551367271A583200F0D27D /* Models */ = {
			isa = PBXGroup;
			children = (
				8C551368271A58B300F0D27D /* PhotoElement.swift */,
			);
			path = Models;
			sourceTree = "<group>";
		};
		8C55136C271A5AC900F0D27D /* Constants */ = {
			isa = PBXGroup;
			children = (
				8C55136D271A5ADA00F0D27D /* Constants.swift */,
			);
			path = Constants;
			sourceTree = "<group>";
		};
		8C551370271B1A5600F0D27D /* Cells */ = {
			isa = PBXGroup;
			children = (
				8C551373271B247400F0D27D /* PhotoItemCell */,
			);
			path = Cells;
			sourceTree = "<group>";
		};
		8C551373271B247400F0D27D /* PhotoItemCell */ = {
			isa = PBXGroup;
			children = (
				8C551374271B247400F0D27D /* Resources */,
				8C551376271B247400F0D27D /* PhotoItemViewCell.swift */,
				8C551377271B247400F0D27D /* PhotoItemViewModel.swift */,
			);
			path = PhotoItemCell;
			sourceTree = "<group>";
		};
		8C551374271B247400F0D27D /* Resources */ = {
			isa = PBXGroup;
			children = (
				8C551375271B247400F0D27D /* PhotoItemViewCell.xib */,
			);
			path = Resources;
			sourceTree = "<group>";
		};
		8C551399271B709600F0D27D /* DetailsScreen */ = {
			isa = PBXGroup;
			children = (
				8C73281C271B7D1600D3EA65 /* PhotoDetailsViewController.h */,
				8C73281D271B7D1600D3EA65 /* PhotoDetailsViewController.m */,
			);
			path = DetailsScreen;
			sourceTree = "<group>";
		};
		E4B94A4E1C19B07C1EF4EE46 /* Pods */ = {
			isa = PBXGroup;
			children = (
				C0F0CEEA7E147AFF0B1E20EE /* Pods-IoTVodafoneTask.debug.xcconfig */,
				4C0630228CD6EBECAA01C80C /* Pods-IoTVodafoneTask.release.xcconfig */,
				E7F9F2016DACC86FF4163F4E /* Pods-IoTVodafoneTaskTests.debug.xcconfig */,
				7A9AB2801EA65C86EEFCED22 /* Pods-IoTVodafoneTaskTests.release.xcconfig */,
			);
			path = Pods;
			sourceTree = "<group>";
		};
/* End PBXGroup section */

/* Begin PBXNativeTarget section */
		8C23CF0E271C7233007D26A4 /* IoTVodafoneTaskTests */ = {
			isa = PBXNativeTarget;
			buildConfigurationList = 8C23CF18271C7233007D26A4 /* Build configuration list for PBXNativeTarget "IoTVodafoneTaskTests" */;
			buildPhases = (
				10709CB67AF69FEBF0BC340B /* [CP] Check Pods Manifest.lock */,
				8C23CF0B271C7233007D26A4 /* Sources */,
				8C23CF0C271C7233007D26A4 /* Frameworks */,
				8C23CF0D271C7233007D26A4 /* Resources */,
			);
			buildRules = (
			);
			dependencies = (
				8C23CF15271C7233007D26A4 /* PBXTargetDependency */,
			);
			name = IoTVodafoneTaskTests;
			productName = IoTVodafoneTaskTests;
			productReference = 8C23CF0F271C7233007D26A4 /* IoTVodafoneTaskTests.xctest */;
			productType = "com.apple.product-type.bundle.unit-test";
		};
		8C5512F9271A1C3A00F0D27D /* IoTVodafoneTask */ = {
			isa = PBXNativeTarget;
			buildConfigurationList = 8C551313271A1C3E00F0D27D /* Build configuration list for PBXNativeTarget "IoTVodafoneTask" */;
			buildPhases = (
				053EFC7C19E9D0DDFBF0A980 /* [CP] Check Pods Manifest.lock */,
				8C5512F6271A1C3A00F0D27D /* Sources */,
				8C5512F7271A1C3A00F0D27D /* Frameworks */,
				8C5512F8271A1C3A00F0D27D /* Resources */,
				DAA051FB30603FDCBE18B15D /* [CP] Embed Pods Frameworks */,
			);
			buildRules = (
			);
			dependencies = (
			);
			name = IoTVodafoneTask;
			productName = IoTVodafoneTask;
			productReference = 8C5512FA271A1C3A00F0D27D /* IoTVodafoneTask.app */;
			productType = "com.apple.product-type.application";
		};
/* End PBXNativeTarget section */

/* Begin PBXProject section */
		8C5512F2271A1C3A00F0D27D /* Project object */ = {
			isa = PBXProject;
			attributes = {
				LastSwiftUpdateCheck = 1240;
				LastUpgradeCheck = 1240;
				TargetAttributes = {
					8C23CF0E271C7233007D26A4 = {
						CreatedOnToolsVersion = 12.4;
						TestTargetID = 8C5512F9271A1C3A00F0D27D;
					};
					8C5512F9271A1C3A00F0D27D = {
						CreatedOnToolsVersion = 12.4;
						LastSwiftMigration = 1240;
					};
				};
			};
			buildConfigurationList = 8C5512F5271A1C3A00F0D27D /* Build configuration list for PBXProject "IoTVodafoneTask" */;
			compatibilityVersion = "Xcode 9.3";
			developmentRegion = en;
			hasScannedForEncodings = 0;
			knownRegions = (
				en,
				Base,
			);
			mainGroup = 8C5512F1271A1C3A00F0D27D;
			productRefGroup = 8C5512FB271A1C3A00F0D27D /* Products */;
			projectDirPath = "";
			projectRoot = "";
			targets = (
				8C5512F9271A1C3A00F0D27D /* IoTVodafoneTask */,
				8C23CF0E271C7233007D26A4 /* IoTVodafoneTaskTests */,
			);
		};
/* End PBXProject section */

/* Begin PBXResourcesBuildPhase section */
		8C23CF0D271C7233007D26A4 /* Resources */ = {
			isa = PBXResourcesBuildPhase;
			buildActionMask = 2147483647;
			files = (
			);
			runOnlyForDeploymentPostprocessing = 0;
		};
		8C5512F8271A1C3A00F0D27D /* Resources */ = {
			isa = PBXResourcesBuildPhase;
			buildActionMask = 2147483647;
			files = (
				8C55130D271A1C3E00F0D27D /* LaunchScreen.storyboard in Resources */,
				8C55137E271B247400F0D27D /* PhotoItemViewCell.xib in Resources */,
				8C55130A271A1C3E00F0D27D /* Assets.xcassets in Resources */,
				8C551308271A1C3A00F0D27D /* Main.storyboard in Resources */,
			);
			runOnlyForDeploymentPostprocessing = 0;
		};
/* End PBXResourcesBuildPhase section */

/* Begin PBXShellScriptBuildPhase section */
		053EFC7C19E9D0DDFBF0A980 /* [CP] Check Pods Manifest.lock */ = {
			isa = PBXShellScriptBuildPhase;
			buildActionMask = 2147483647;
			files = (
			);
			inputFileListPaths = (
			);
			inputPaths = (
				"${PODS_PODFILE_DIR_PATH}/Podfile.lock",
				"${PODS_ROOT}/Manifest.lock",
			);
			name = "[CP] Check Pods Manifest.lock";
			outputFileListPaths = (
			);
			outputPaths = (
				"$(DERIVED_FILE_DIR)/Pods-IoTVodafoneTask-checkManifestLockResult.txt",
			);
			runOnlyForDeploymentPostprocessing = 0;
			shellPath = /bin/sh;
			shellScript = "diff \"${PODS_PODFILE_DIR_PATH}/Podfile.lock\" \"${PODS_ROOT}/Manifest.lock\" > /dev/null\nif [ $? != 0 ] ; then\n    # print error to STDERR\n    echo \"error: The sandbox is not in sync with the Podfile.lock. Run 'pod install' or update your CocoaPods installation.\" >&2\n    exit 1\nfi\n# This output is used by Xcode 'outputs' to avoid re-running this script phase.\necho \"SUCCESS\" > \"${SCRIPT_OUTPUT_FILE_0}\"\n";
			showEnvVarsInLog = 0;
		};
		10709CB67AF69FEBF0BC340B /* [CP] Check Pods Manifest.lock */ = {
			isa = PBXShellScriptBuildPhase;
			buildActionMask = 2147483647;
			files = (
			);
			inputFileListPaths = (
			);
			inputPaths = (
				"${PODS_PODFILE_DIR_PATH}/Podfile.lock",
				"${PODS_ROOT}/Manifest.lock",
			);
			name = "[CP] Check Pods Manifest.lock";
			outputFileListPaths = (
			);
			outputPaths = (
				"$(DERIVED_FILE_DIR)/Pods-IoTVodafoneTaskTests-checkManifestLockResult.txt",
			);
			runOnlyForDeploymentPostprocessing = 0;
			shellPath = /bin/sh;
			shellScript = "diff \"${PODS_PODFILE_DIR_PATH}/Podfile.lock\" \"${PODS_ROOT}/Manifest.lock\" > /dev/null\nif [ $? != 0 ] ; then\n    # print error to STDERR\n    echo \"error: The sandbox is not in sync with the Podfile.lock. Run 'pod install' or update your CocoaPods installation.\" >&2\n    exit 1\nfi\n# This output is used by Xcode 'outputs' to avoid re-running this script phase.\necho \"SUCCESS\" > \"${SCRIPT_OUTPUT_FILE_0}\"\n";
			showEnvVarsInLog = 0;
		};
		DAA051FB30603FDCBE18B15D /* [CP] Embed Pods Frameworks */ = {
			isa = PBXShellScriptBuildPhase;
			buildActionMask = 2147483647;
			files = (
			);
			inputFileListPaths = (
				"${PODS_ROOT}/Target Support Files/Pods-IoTVodafoneTask/Pods-IoTVodafoneTask-frameworks-${CONFIGURATION}-input-files.xcfilelist",
			);
			name = "[CP] Embed Pods Frameworks";
			outputFileListPaths = (
				"${PODS_ROOT}/Target Support Files/Pods-IoTVodafoneTask/Pods-IoTVodafoneTask-frameworks-${CONFIGURATION}-output-files.xcfilelist",
			);
			runOnlyForDeploymentPostprocessing = 0;
			shellPath = /bin/sh;
			shellScript = "\"${PODS_ROOT}/Target Support Files/Pods-IoTVodafoneTask/Pods-IoTVodafoneTask-frameworks.sh\"\n";
			showEnvVarsInLog = 0;
		};
/* End PBXShellScriptBuildPhase section */

/* Begin PBXSourcesBuildPhase section */
		8C23CF0B271C7233007D26A4 /* Sources */ = {
			isa = PBXSourcesBuildPhase;
			buildActionMask = 2147483647;
			files = (
				8C23CF12271C7233007D26A4 /* IoTVodafoneTaskTests.swift in Sources */,
			);
			runOnlyForDeploymentPostprocessing = 0;
		};
		8C5512F6271A1C3A00F0D27D /* Sources */ = {
			isa = PBXSourcesBuildPhase;
			buildActionMask = 2147483647;
			files = (
				8C551305271A1C3A00F0D27D /* ViewController.m in Sources */,
				8C551349271A1F0400F0D27D /* Extensions.swift in Sources */,
				8C551350271A1F0400F0D27D /* SectionViewModel.swift in Sources */,
				8C551380271B247400F0D27D /* PhotoItemViewModel.swift in Sources */,
				8C551365271A565D00F0D27D /* HomeViewModel.swift in Sources */,
				8C5512FF271A1C3A00F0D27D /* AppDelegate.m in Sources */,
				8C55134B271A1F0400F0D27D /* SectionModel.swift in Sources */,
				8C551361271A564A00F0D27D /* HomeViewController.swift in Sources */,
				8C551351271A1F0400F0D27D /* BaseViewController.swift in Sources */,
				8C55134F271A1F0400F0D27D /* Observable.swift in Sources */,
				8C73281E271B7D1600D3EA65 /* PhotoDetailsViewController.m in Sources */,
				8C55134D271A1F0400F0D27D /* SectionConfigurable.swift in Sources */,
				8C55134C271A1F0400F0D27D /* CellConfigurable.swift in Sources */,
				8C551369271A58B300F0D27D /* PhotoElement.swift in Sources */,
				8C55134A271A1F0400F0D27D /* LoadingIndicator.swift in Sources */,
				8C551310271A1C3E00F0D27D /* main.m in Sources */,
				8C55137F271B247400F0D27D /* PhotoItemViewCell.swift in Sources */,
				8C551352271A1F0400F0D27D /* APIManager.swift in Sources */,
				8C55134E271A1F0400F0D27D /* RowViewModel.swift in Sources */,
				8C551302271A1C3A00F0D27D /* SceneDelegate.m in Sources */,
				8C55136E271A5ADA00F0D27D /* Constants.swift in Sources */,
				8C732827271B99A300D3EA65 /* ImageHelper.swift in Sources */,
			);
			runOnlyForDeploymentPostprocessing = 0;
		};
/* End PBXSourcesBuildPhase section */

/* Begin PBXTargetDependency section */
		8C23CF15271C7233007D26A4 /* PBXTargetDependency */ = {
			isa = PBXTargetDependency;
			target = 8C5512F9271A1C3A00F0D27D /* IoTVodafoneTask */;
			targetProxy = 8C23CF14271C7233007D26A4 /* PBXContainerItemProxy */;
		};
/* End PBXTargetDependency section */

/* Begin PBXVariantGroup section */
		8C551306271A1C3A00F0D27D /* Main.storyboard */ = {
			isa = PBXVariantGroup;
			children = (
				8C551307271A1C3A00F0D27D /* Base */,
			);
			name = Main.storyboard;
			sourceTree = "<group>";
		};
		8C55130B271A1C3E00F0D27D /* LaunchScreen.storyboard */ = {
			isa = PBXVariantGroup;
			children = (
				8C55130C271A1C3E00F0D27D /* Base */,
			);
			name = LaunchScreen.storyboard;
			sourceTree = "<group>";
		};
/* End PBXVariantGroup section */

/* Begin XCBuildConfiguration section */
		8C23CF16271C7233007D26A4 /* Debug */ = {
			isa = XCBuildConfiguration;
			baseConfigurationReference = E7F9F2016DACC86FF4163F4E /* Pods-IoTVodafoneTaskTests.debug.xcconfig */;
			buildSettings = {
				BUNDLE_LOADER = "$(TEST_HOST)";
				CODE_SIGN_STYLE = Automatic;
				DEFINES_MODULE = NO;
				INFOPLIST_FILE = IoTVodafoneTaskTests/Info.plist;
				LD_RUNPATH_SEARCH_PATHS = (
					"$(inherited)",
					"@executable_path/Frameworks",
					"@loader_path/Frameworks",
				);
				PRODUCT_BUNDLE_IDENTIFIER = com.app.IoTVodafoneTask.IoTVodafoneTaskTests;
				PRODUCT_NAME = "$(TARGET_NAME)";
				SWIFT_ACTIVE_COMPILATION_CONDITIONS = DEBUG;
				SWIFT_OPTIMIZATION_LEVEL = "-Onone";
				SWIFT_VERSION = 5.0;
				TARGETED_DEVICE_FAMILY = "1,2";
				TEST_HOST = "$(BUILT_PRODUCTS_DIR)/IoTVodafoneTask.app/IoTVodafoneTask";
			};
			name = Debug;
		};
		8C23CF17271C7233007D26A4 /* Release */ = {
			isa = XCBuildConfiguration;
			baseConfigurationReference = 7A9AB2801EA65C86EEFCED22 /* Pods-IoTVodafoneTaskTests.release.xcconfig */;
			buildSettings = {
				BUNDLE_LOADER = "$(TEST_HOST)";
				CODE_SIGN_STYLE = Automatic;
				DEFINES_MODULE = NO;
				INFOPLIST_FILE = IoTVodafoneTaskTests/Info.plist;
				LD_RUNPATH_SEARCH_PATHS = (
					"$(inherited)",
					"@executable_path/Frameworks",
					"@loader_path/Frameworks",
				);
				PRODUCT_BUNDLE_IDENTIFIER = com.app.IoTVodafoneTask.IoTVodafoneTaskTests;
				PRODUCT_NAME = "$(TARGET_NAME)";
				SWIFT_COMPILATION_MODE = wholemodule;
				SWIFT_OPTIMIZATION_LEVEL = "-O";
				SWIFT_VERSION = 5.0;
				TARGETED_DEVICE_FAMILY = "1,2";
				TEST_HOST = "$(BUILT_PRODUCTS_DIR)/IoTVodafoneTask.app/IoTVodafoneTask";
			};
			name = Release;
		};
		8C551311271A1C3E00F0D27D /* Debug */ = {
			isa = XCBuildConfiguration;
			buildSettings = {
				ALWAYS_SEARCH_USER_PATHS = NO;
				CLANG_ANALYZER_NONNULL = YES;
				CLANG_ANALYZER_NUMBER_OBJECT_CONVERSION = YES_AGGRESSIVE;
				CLANG_CXX_LANGUAGE_STANDARD = "gnu++14";
				CLANG_CXX_LIBRARY = "libc++";
				CLANG_ENABLE_MODULES = YES;
				CLANG_ENABLE_OBJC_ARC = YES;
				CLANG_ENABLE_OBJC_WEAK = YES;
				CLANG_WARN_BLOCK_CAPTURE_AUTORELEASING = YES;
				CLANG_WARN_BOOL_CONVERSION = YES;
				CLANG_WARN_COMMA = YES;
				CLANG_WARN_CONSTANT_CONVERSION = YES;
				CLANG_WARN_DEPRECATED_OBJC_IMPLEMENTATIONS = YES;
				CLANG_WARN_DIRECT_OBJC_ISA_USAGE = YES_ERROR;
				CLANG_WARN_DOCUMENTATION_COMMENTS = YES;
				CLANG_WARN_EMPTY_BODY = YES;
				CLANG_WARN_ENUM_CONVERSION = YES;
				CLANG_WARN_INFINITE_RECURSION = YES;
				CLANG_WARN_INT_CONVERSION = YES;
				CLANG_WARN_NON_LITERAL_NULL_CONVERSION = YES;
				CLANG_WARN_OBJC_IMPLICIT_RETAIN_SELF = YES;
				CLANG_WARN_OBJC_LITERAL_CONVERSION = YES;
				CLANG_WARN_OBJC_ROOT_CLASS = YES_ERROR;
				CLANG_WARN_QUOTED_INCLUDE_IN_FRAMEWORK_HEADER = YES;
				CLANG_WARN_RANGE_LOOP_ANALYSIS = YES;
				CLANG_WARN_STRICT_PROTOTYPES = YES;
				CLANG_WARN_SUSPICIOUS_MOVE = YES;
				CLANG_WARN_UNGUARDED_AVAILABILITY = YES_AGGRESSIVE;
				CLANG_WARN_UNREACHABLE_CODE = YES;
				CLANG_WARN__DUPLICATE_METHOD_MATCH = YES;
				COPY_PHASE_STRIP = NO;
				DEBUG_INFORMATION_FORMAT = dwarf;
				ENABLE_STRICT_OBJC_MSGSEND = YES;
				ENABLE_TESTABILITY = YES;
				GCC_C_LANGUAGE_STANDARD = gnu11;
				GCC_DYNAMIC_NO_PIC = NO;
				GCC_NO_COMMON_BLOCKS = YES;
				GCC_OPTIMIZATION_LEVEL = 0;
				GCC_PREPROCESSOR_DEFINITIONS = (
					"DEBUG=1",
					"$(inherited)",
				);
				GCC_WARN_64_TO_32_BIT_CONVERSION = YES;
				GCC_WARN_ABOUT_RETURN_TYPE = YES_ERROR;
				GCC_WARN_UNDECLARED_SELECTOR = YES;
				GCC_WARN_UNINITIALIZED_AUTOS = YES_AGGRESSIVE;
				GCC_WARN_UNUSED_FUNCTION = YES;
				GCC_WARN_UNUSED_VARIABLE = YES;
				IPHONEOS_DEPLOYMENT_TARGET = 14.4;
				MTL_ENABLE_DEBUG_INFO = INCLUDE_SOURCE;
				MTL_FAST_MATH = YES;
				ONLY_ACTIVE_ARCH = YES;
				SDKROOT = iphoneos;
			};
			name = Debug;
		};
		8C551312271A1C3E00F0D27D /* Release */ = {
			isa = XCBuildConfiguration;
			buildSettings = {
				ALWAYS_SEARCH_USER_PATHS = NO;
				CLANG_ANALYZER_NONNULL = YES;
				CLANG_ANALYZER_NUMBER_OBJECT_CONVERSION = YES_AGGRESSIVE;
				CLANG_CXX_LANGUAGE_STANDARD = "gnu++14";
				CLANG_CXX_LIBRARY = "libc++";
				CLANG_ENABLE_MODULES = YES;
				CLANG_ENABLE_OBJC_ARC = YES;
				CLANG_ENABLE_OBJC_WEAK = YES;
				CLANG_WARN_BLOCK_CAPTURE_AUTORELEASING = YES;
				CLANG_WARN_BOOL_CONVERSION = YES;
				CLANG_WARN_COMMA = YES;
				CLANG_WARN_CONSTANT_CONVERSION = YES;
				CLANG_WARN_DEPRECATED_OBJC_IMPLEMENTATIONS = YES;
				CLANG_WARN_DIRECT_OBJC_ISA_USAGE = YES_ERROR;
				CLANG_WARN_DOCUMENTATION_COMMENTS = YES;
				CLANG_WARN_EMPTY_BODY = YES;
				CLANG_WARN_ENUM_CONVERSION = YES;
				CLANG_WARN_INFINITE_RECURSION = YES;
				CLANG_WARN_INT_CONVERSION = YES;
				CLANG_WARN_NON_LITERAL_NULL_CONVERSION = YES;
				CLANG_WARN_OBJC_IMPLICIT_RETAIN_SELF = YES;
				CLANG_WARN_OBJC_LITERAL_CONVERSION = YES;
				CLANG_WARN_OBJC_ROOT_CLASS = YES_ERROR;
				CLANG_WARN_QUOTED_INCLUDE_IN_FRAMEWORK_HEADER = YES;
				CLANG_WARN_RANGE_LOOP_ANALYSIS = YES;
				CLANG_WARN_STRICT_PROTOTYPES = YES;
				CLANG_WARN_SUSPICIOUS_MOVE = YES;
				CLANG_WARN_UNGUARDED_AVAILABILITY = YES_AGGRESSIVE;
				CLANG_WARN_UNREACHABLE_CODE = YES;
				CLANG_WARN__DUPLICATE_METHOD_MATCH = YES;
				COPY_PHASE_STRIP = NO;
				DEBUG_INFORMATION_FORMAT = "dwarf-with-dsym";
				ENABLE_NS_ASSERTIONS = NO;
				ENABLE_STRICT_OBJC_MSGSEND = YES;
				GCC_C_LANGUAGE_STANDARD = gnu11;
				GCC_NO_COMMON_BLOCKS = YES;
				GCC_WARN_64_TO_32_BIT_CONVERSION = YES;
				GCC_WARN_ABOUT_RETURN_TYPE = YES_ERROR;
				GCC_WARN_UNDECLARED_SELECTOR = YES;
				GCC_WARN_UNINITIALIZED_AUTOS = YES_AGGRESSIVE;
				GCC_WARN_UNUSED_FUNCTION = YES;
				GCC_WARN_UNUSED_VARIABLE = YES;
				IPHONEOS_DEPLOYMENT_TARGET = 14.4;
				MTL_ENABLE_DEBUG_INFO = NO;
				MTL_FAST_MATH = YES;
				SDKROOT = iphoneos;
				VALIDATE_PRODUCT = YES;
			};
			name = Release;
		};
		8C551314271A1C3E00F0D27D /* Debug */ = {
			isa = XCBuildConfiguration;
			baseConfigurationReference = C0F0CEEA7E147AFF0B1E20EE /* Pods-IoTVodafoneTask.debug.xcconfig */;
			buildSettings = {
				ASSETCATALOG_COMPILER_APPICON_NAME = AppIcon;
				ASSETCATALOG_COMPILER_GLOBAL_ACCENT_COLOR_NAME = AccentColor;
				CLANG_ENABLE_MODULES = YES;
				CODE_SIGN_STYLE = Automatic;
				INFOPLIST_FILE = IoTVodafoneTask/Info.plist;
				LD_RUNPATH_SEARCH_PATHS = (
					"$(inherited)",
					"@executable_path/Frameworks",
				);
				PRODUCT_BUNDLE_IDENTIFIER = com.app.IoTVodafone.IoTVodafoneTask;
				PRODUCT_NAME = "$(TARGET_NAME)";
				SWIFT_OBJC_BRIDGING_HEADER = "IoTVodafoneTask/IoTVodafoneTask-Bridging-Header.h";
				SWIFT_OPTIMIZATION_LEVEL = "-Onone";
				SWIFT_VERSION = 5.0;
				TARGETED_DEVICE_FAMILY = "1,2";
			};
			name = Debug;
		};
		8C551315271A1C3E00F0D27D /* Release */ = {
			isa = XCBuildConfiguration;
			baseConfigurationReference = 4C0630228CD6EBECAA01C80C /* Pods-IoTVodafoneTask.release.xcconfig */;
			buildSettings = {
				ASSETCATALOG_COMPILER_APPICON_NAME = AppIcon;
				ASSETCATALOG_COMPILER_GLOBAL_ACCENT_COLOR_NAME = AccentColor;
				CLANG_ENABLE_MODULES = YES;
				CODE_SIGN_STYLE = Automatic;
				DEVELOPMENT_TEAM = 25YHMUQYM4;
				INFOPLIST_FILE = IoTVodafoneTask/Info.plist;
				LD_RUNPATH_SEARCH_PATHS = (
					"$(inherited)",
					"@executable_path/Frameworks",
				);
				PRODUCT_BUNDLE_IDENTIFIER = com.app.IoTTest;
				PRODUCT_NAME = "$(TARGET_NAME)";
				SWIFT_OBJC_BRIDGING_HEADER = "IoTVodafoneTask/IoTVodafoneTask-Bridging-Header.h";
				SWIFT_VERSION = 5.0;
				TARGETED_DEVICE_FAMILY = "1,2";
			};
			name = Release;
		};
/* End XCBuildConfiguration section */

/* Begin XCConfigurationList section */
		8C23CF18271C7233007D26A4 /* Build configuration list for PBXNativeTarget "IoTVodafoneTaskTests" */ = {
			isa = XCConfigurationList;
			buildConfigurations = (
				8C23CF16271C7233007D26A4 /* Debug */,
				8C23CF17271C7233007D26A4 /* Release */,
			);
			defaultConfigurationIsVisible = 0;
			defaultConfigurationName = Release;
		};
		8C5512F5271A1C3A00F0D27D /* Build configuration list for PBXProject "IoTVodafoneTask" */ = {
			isa = XCConfigurationList;
			buildConfigurations = (
				8C551311271A1C3E00F0D27D /* Debug */,
				8C551312271A1C3E00F0D27D /* Release */,
			);
			defaultConfigurationIsVisible = 0;
			defaultConfigurationName = Release;
		};
		8C551313271A1C3E00F0D27D /* Build configuration list for PBXNativeTarget "IoTVodafoneTask" */ = {
			isa = XCConfigurationList;
			buildConfigurations = (
				8C551314271A1C3E00F0D27D /* Debug */,
				8C551315271A1C3E00F0D27D /* Release */,
			);
			defaultConfigurationIsVisible = 0;
			defaultConfigurationName = Release;
		};
/* End XCConfigurationList section */
	};
	rootObject = 8C5512F2271A1C3A00F0D27D /* Project object */;
}
